// !$*UTF8*$!
{
	archiveVersion = 1;
	classes = {
	};
	objectVersion = 55;
	objects = {

/* Begin PBXBuildFile section */
		670BE59028D38C13007DDCB6 /* all_the_same.cpp in Sources */ = {isa = PBXBuildFile; fileRef = 670BE58F28D38C13007DDCB6 /* all_the_same.cpp */; };
		670BE59228D38CE0007DDCB6 /* letter_grade.cpp in Sources */ = {isa = PBXBuildFile; fileRef = 670BE59128D38CE0007DDCB6 /* letter_grade.cpp */; };
		672A541C293DF9480042CFE6 /* meet_in_the_middle.cpp in Sources */ = {isa = PBXBuildFile; fileRef = 672A541B293DF9480042CFE6 /* meet_in_the_middle.cpp */; };
		672A541E293E63E50042CFE6 /* lab.cpp in Sources */ = {isa = PBXBuildFile; fileRef = 672A541D293E63E50042CFE6 /* lab.cpp */; };
		672A5420293E6A650042CFE6 /* linked_list_lab.cpp in Sources */ = {isa = PBXBuildFile; fileRef = 672A541F293E6A650042CFE6 /* linked_list_lab.cpp */; };
		672A54252945B7E20042CFE6 /* project_euler_test.cpp in Sources */ = {isa = PBXBuildFile; fileRef = 672A54242945B7E20042CFE6 /* project_euler_test.cpp */; };
		672A54272945B8FA0042CFE6 /* prime_sum_numbers.cpp in Sources */ = {isa = PBXBuildFile; fileRef = 672A54262945B8FA0042CFE6 /* prime_sum_numbers.cpp */; };
		672A54292946F4650042CFE6 /* consecutive_prime_sum.cpp in Sources */ = {isa = PBXBuildFile; fileRef = 672A54282946F4650042CFE6 /* consecutive_prime_sum.cpp */; };
		672D730B28FF0DF700665BD7 /* bank.cpp in Sources */ = {isa = PBXBuildFile; fileRef = 672D730A28FF0DF700665BD7 /* bank.cpp */; };
		672D730D28FF11FC00665BD7 /* digits.cpp in Sources */ = {isa = PBXBuildFile; fileRef = 672D730C28FF11FC00665BD7 /* digits.cpp */; };
		6740A455291031AD00859BD2 /* chapter6labp1.cpp in Sources */ = {isa = PBXBuildFile; fileRef = 6740A454291031AD00859BD2 /* chapter6labp1.cpp */; };
		6740A457291031BA00859BD2 /* chapter6labp2.cpp in Sources */ = {isa = PBXBuildFile; fileRef = 6740A456291031BA00859BD2 /* chapter6labp2.cpp */; };
		67863FC429240DBE00981F5B /* chapter7labp1.cpp in Sources */ = {isa = PBXBuildFile; fileRef = 67863FC329240DBE00981F5B /* chapter7labp1.cpp */; };
		67B0F0EF28B0DA0600A82684 /* chapter1_programming_assignment.cpp in Sources */ = {isa = PBXBuildFile; fileRef = 67B0F0ED28B0DA0600A82684 /* chapter1_programming_assignment.cpp */; };
		67B0F0F128B1ED5200A82684 /* hello.cpp in Sources */ = {isa = PBXBuildFile; fileRef = 67B0F0F028B1ED5200A82684 /* hello.cpp */; };
		67B0F0F428BFC53B00A82684 /* circle_sphere.cpp in Sources */ = {isa = PBXBuildFile; fileRef = 67B0F0F328BFC53B00A82684 /* circle_sphere.cpp */; };
		67B0F0F628BFC6BF00A82684 /* remove_comma.cpp in Sources */ = {isa = PBXBuildFile; fileRef = 67B0F0F528BFC6BF00A82684 /* remove_comma.cpp */; };
		67C533902925451700BBC792 /* projectp1.cpp in Sources */ = {isa = PBXBuildFile; fileRef = 67C5338F2925451700BBC792 /* projectp1.cpp */; };
		67CDD98528DA28CF0095BEE5 /* if_worksheet.cpp in Sources */ = {isa = PBXBuildFile; fileRef = 67CDD98428DA28CF0095BEE5 /* if_worksheet.cpp */; };
		67CDD98728E211560095BEE5 /* temp.cpp in Sources */ = {isa = PBXBuildFile; fileRef = 67CDD98628E211560095BEE5 /* temp.cpp */; };
		67CDD98A28E216840095BEE5 /* harry.cpp in Sources */ = {isa = PBXBuildFile; fileRef = 67CDD98928E216840095BEE5 /* harry.cpp */; };
		67CDD98C28E288DC0095BEE5 /* data.cpp in Sources */ = {isa = PBXBuildFile; fileRef = 67CDD98B28E288DC0095BEE5 /* data.cpp */; };
		67F9B5762934BBBB0077775C /* projectp2.cpp in Sources */ = {isa = PBXBuildFile; fileRef = 67F9B5752934BBBB0077775C /* projectp2.cpp */; };
/* End PBXBuildFile section */

/* Begin PBXCopyFilesBuildPhase section */
		67B0F0E028B0D93A00A82684 /* CopyFiles */ = {
			isa = PBXCopyFilesBuildPhase;
			buildActionMask = 2147483647;
			dstPath = /usr/share/man/man1/;
			dstSubfolderSpec = 0;
			files = (
			);
			runOnlyForDeploymentPostprocessing = 1;
		};
/* End PBXCopyFilesBuildPhase section */

/* Begin PBXFileReference section */
		670BE58F28D38C13007DDCB6 /* all_the_same.cpp */ = {isa = PBXFileReference; lastKnownFileType = sourcecode.cpp.cpp; path = all_the_same.cpp; sourceTree = "<group>"; };
		670BE59128D38CE0007DDCB6 /* letter_grade.cpp */ = {isa = PBXFileReference; lastKnownFileType = sourcecode.cpp.cpp; path = letter_grade.cpp; sourceTree = "<group>"; };
		672A541B293DF9480042CFE6 /* meet_in_the_middle.cpp */ = {isa = PBXFileReference; lastKnownFileType = sourcecode.cpp.cpp; path = meet_in_the_middle.cpp; sourceTree = "<group>"; };
		672A541D293E63E50042CFE6 /* lab.cpp */ = {isa = PBXFileReference; lastKnownFileType = sourcecode.cpp.cpp; path = lab.cpp; sourceTree = "<group>"; };
		672A541F293E6A650042CFE6 /* linked_list_lab.cpp */ = {isa = PBXFileReference; lastKnownFileType = sourcecode.cpp.cpp; path = linked_list_lab.cpp; sourceTree = "<group>"; };
		672A54242945B7E20042CFE6 /* project_euler_test.cpp */ = {isa = PBXFileReference; lastKnownFileType = sourcecode.cpp.cpp; path = project_euler_test.cpp; sourceTree = "<group>"; };
		672A54262945B8FA0042CFE6 /* prime_sum_numbers.cpp */ = {isa = PBXFileReference; lastKnownFileType = sourcecode.cpp.cpp; path = prime_sum_numbers.cpp; sourceTree = "<group>"; };
		672A54282946F4650042CFE6 /* consecutive_prime_sum.cpp */ = {isa = PBXFileReference; lastKnownFileType = sourcecode.cpp.cpp; path = consecutive_prime_sum.cpp; sourceTree = "<group>"; };
		672D730A28FF0DF700665BD7 /* bank.cpp */ = {isa = PBXFileReference; lastKnownFileType = sourcecode.cpp.cpp; path = bank.cpp; sourceTree = "<group>"; };
		672D730C28FF11FC00665BD7 /* digits.cpp */ = {isa = PBXFileReference; lastKnownFileType = sourcecode.cpp.cpp; path = digits.cpp; sourceTree = "<group>"; };
		6740A454291031AD00859BD2 /* chapter6labp1.cpp */ = {isa = PBXFileReference; lastKnownFileType = sourcecode.cpp.cpp; path = chapter6labp1.cpp; sourceTree = "<group>"; };
		6740A456291031BA00859BD2 /* chapter6labp2.cpp */ = {isa = PBXFileReference; lastKnownFileType = sourcecode.cpp.cpp; path = chapter6labp2.cpp; sourceTree = "<group>"; };
		67863FC329240DBE00981F5B /* chapter7labp1.cpp */ = {isa = PBXFileReference; lastKnownFileType = sourcecode.cpp.cpp; path = chapter7labp1.cpp; sourceTree = "<group>"; };
		67B0F0E228B0D93A00A82684 /* Intro_to_CPP */ = {isa = PBXFileReference; explicitFileType = "compiled.mach-o.executable"; includeInIndex = 0; path = Intro_to_CPP; sourceTree = BUILT_PRODUCTS_DIR; };
		67B0F0ED28B0DA0600A82684 /* chapter1_programming_assignment.cpp */ = {isa = PBXFileReference; lastKnownFileType = sourcecode.cpp.cpp; path = chapter1_programming_assignment.cpp; sourceTree = "<group>"; };
		67B0F0F028B1ED5200A82684 /* hello.cpp */ = {isa = PBXFileReference; lastKnownFileType = sourcecode.cpp.cpp; path = hello.cpp; sourceTree = "<group>"; };
		67B0F0F328BFC53B00A82684 /* circle_sphere.cpp */ = {isa = PBXFileReference; lastKnownFileType = sourcecode.cpp.cpp; path = circle_sphere.cpp; sourceTree = "<group>"; };
		67B0F0F528BFC6BF00A82684 /* remove_comma.cpp */ = {isa = PBXFileReference; lastKnownFileType = sourcecode.cpp.cpp; path = remove_comma.cpp; sourceTree = "<group>"; };
		67C5338F2925451700BBC792 /* projectp1.cpp */ = {isa = PBXFileReference; lastKnownFileType = sourcecode.cpp.cpp; path = projectp1.cpp; sourceTree = "<group>"; };
		67CDD98428DA28CF0095BEE5 /* if_worksheet.cpp */ = {isa = PBXFileReference; lastKnownFileType = sourcecode.cpp.cpp; path = if_worksheet.cpp; sourceTree = "<group>"; };
		67CDD98628E211560095BEE5 /* temp.cpp */ = {isa = PBXFileReference; lastKnownFileType = sourcecode.cpp.cpp; path = temp.cpp; sourceTree = "<group>"; };
		67CDD98928E216840095BEE5 /* harry.cpp */ = {isa = PBXFileReference; lastKnownFileType = sourcecode.cpp.cpp; path = harry.cpp; sourceTree = "<group>"; };
		67CDD98B28E288DC0095BEE5 /* data.cpp */ = {isa = PBXFileReference; lastKnownFileType = sourcecode.cpp.cpp; path = data.cpp; sourceTree = "<group>"; };
		67F9B5752934BBBB0077775C /* projectp2.cpp */ = {isa = PBXFileReference; lastKnownFileType = sourcecode.cpp.cpp; path = projectp2.cpp; sourceTree = "<group>"; };
/* End PBXFileReference section */

/* Begin PBXFrameworksBuildPhase section */
		67B0F0DF28B0D93A00A82684 /* Frameworks */ = {
			isa = PBXFrameworksBuildPhase;
			buildActionMask = 2147483647;
			files = (
			);
			runOnlyForDeploymentPostprocessing = 0;
		};
/* End PBXFrameworksBuildPhase section */

/* Begin PBXGroup section */
		670BE58E28D38B8B007DDCB6 /* Chapter 3 */ = {
			isa = PBXGroup;
			children = (
				670BE58F28D38C13007DDCB6 /* all_the_same.cpp */,
				670BE59128D38CE0007DDCB6 /* letter_grade.cpp */,
				67CDD98428DA28CF0095BEE5 /* if_worksheet.cpp */,
			);
			path = "Chapter 3";
			sourceTree = "<group>";
		};
		672A54232945B7AF0042CFE6 /* Semester Project */ = {
			isa = PBXGroup;
			children = (
				672A541B293DF9480042CFE6 /* meet_in_the_middle.cpp */,
				67F9B5752934BBBB0077775C /* projectp2.cpp */,
				67C5338F2925451700BBC792 /* projectp1.cpp */,
				672A54242945B7E20042CFE6 /* project_euler_test.cpp */,
				672A54262945B8FA0042CFE6 /* prime_sum_numbers.cpp */,
				672A54282946F4650042CFE6 /* consecutive_prime_sum.cpp */,
			);
			path = "Semester Project";
			sourceTree = "<group>";
		};
		672D730928FF0D5100665BD7 /* Chapter 5 */ = {
			isa = PBXGroup;
			children = (
				672D730A28FF0DF700665BD7 /* bank.cpp */,
				672D730C28FF11FC00665BD7 /* digits.cpp */,
			);
			path = "Chapter 5";
			sourceTree = "<group>";
		};
		6740A4532910318100859BD2 /* Chapter 6 */ = {
			isa = PBXGroup;
			children = (
				6740A454291031AD00859BD2 /* chapter6labp1.cpp */,
				6740A456291031BA00859BD2 /* chapter6labp2.cpp */,
			);
			path = "Chapter 6";
			sourceTree = "<group>";
		};
		67863FC229240DAD00981F5B /* Chapter 7 */ = {
			isa = PBXGroup;
			children = (
				67863FC329240DBE00981F5B /* chapter7labp1.cpp */,
				672A541D293E63E50042CFE6 /* lab.cpp */,
				672A541F293E6A650042CFE6 /* linked_list_lab.cpp */,
			);
			path = "Chapter 7";
			sourceTree = "<group>";
		};
		67B0F0D928B0D93A00A82684 = {
			isa = PBXGroup;
			children = (
				672A54232945B7AF0042CFE6 /* Semester Project */,
				67863FC229240DAD00981F5B /* Chapter 7 */,
				6740A4532910318100859BD2 /* Chapter 6 */,
				672D730928FF0D5100665BD7 /* Chapter 5 */,
				67CDD98828E213CD0095BEE5 /* Chapter 4 */,
				670BE58E28D38B8B007DDCB6 /* Chapter 3 */,
				67B0F0F228BFC51500A82684 /* Chapter 2 */,
				67B0F0EC28B0D9C800A82684 /* Chapter 1 */,
				67B0F0E328B0D93A00A82684 /* Products */,
			);
			sourceTree = "<group>";
		};
		67B0F0E328B0D93A00A82684 /* Products */ = {
			isa = PBXGroup;
			children = (
				67B0F0E228B0D93A00A82684 /* Intro_to_CPP */,
			);
			name = Products;
			sourceTree = "<group>";
		};
		67B0F0EC28B0D9C800A82684 /* Chapter 1 */ = {
			isa = PBXGroup;
			children = (
				67B0F0ED28B0DA0600A82684 /* chapter1_programming_assignment.cpp */,
				67B0F0F028B1ED5200A82684 /* hello.cpp */,
				67CDD98628E211560095BEE5 /* temp.cpp */,
			);
			path = "Chapter 1";
			sourceTree = "<group>";
		};
		67B0F0F228BFC51500A82684 /* Chapter 2 */ = {
			isa = PBXGroup;
			children = (
				67B0F0F328BFC53B00A82684 /* circle_sphere.cpp */,
				67B0F0F528BFC6BF00A82684 /* remove_comma.cpp */,
			);
			path = "Chapter 2";
			sourceTree = "<group>";
		};
		67CDD98828E213CD0095BEE5 /* Chapter 4 */ = {
			isa = PBXGroup;
			children = (
				67CDD98928E216840095BEE5 /* harry.cpp */,
				67CDD98B28E288DC0095BEE5 /* data.cpp */,
			);
			path = "Chapter 4";
			sourceTree = "<group>";
		};
/* End PBXGroup section */

/* Begin PBXNativeTarget section */
		67B0F0E128B0D93A00A82684 /* Intro_to_CPP */ = {
			isa = PBXNativeTarget;
			buildConfigurationList = 67B0F0E928B0D93A00A82684 /* Build configuration list for PBXNativeTarget "Intro_to_CPP" */;
			buildPhases = (
				67B0F0DE28B0D93A00A82684 /* Sources */,
				67B0F0DF28B0D93A00A82684 /* Frameworks */,
				67B0F0E028B0D93A00A82684 /* CopyFiles */,
			);
			buildRules = (
			);
			dependencies = (
			);
			name = Intro_to_CPP;
			productName = Intro_to_CPP;
			productReference = 67B0F0E228B0D93A00A82684 /* Intro_to_CPP */;
			productType = "com.apple.product-type.tool";
		};
/* End PBXNativeTarget section */

/* Begin PBXProject section */
		67B0F0DA28B0D93A00A82684 /* Project object */ = {
			isa = PBXProject;
			attributes = {
				BuildIndependentTargetsInParallel = 1;
				LastUpgradeCheck = 1340;
				TargetAttributes = {
					67B0F0E128B0D93A00A82684 = {
						CreatedOnToolsVersion = 13.4.1;
					};
				};
			};
			buildConfigurationList = 67B0F0DD28B0D93A00A82684 /* Build configuration list for PBXProject "Intro_to_CPP" */;
			compatibilityVersion = "Xcode 13.0";
			developmentRegion = en;
			hasScannedForEncodings = 0;
			knownRegions = (
				en,
				Base,
			);
			mainGroup = 67B0F0D928B0D93A00A82684;
			productRefGroup = 67B0F0E328B0D93A00A82684 /* Products */;
			projectDirPath = "";
			projectRoot = "";
			targets = (
				67B0F0E128B0D93A00A82684 /* Intro_to_CPP */,
			);
		};
/* End PBXProject section */

/* Begin PBXSourcesBuildPhase section */
		67B0F0DE28B0D93A00A82684 /* Sources */ = {
			isa = PBXSourcesBuildPhase;
			buildActionMask = 2147483647;
			files = (
				670BE59028D38C13007DDCB6 /* all_the_same.cpp in Sources */,
				67F9B5762934BBBB0077775C /* projectp2.cpp in Sources */,
				67CDD98528DA28CF0095BEE5 /* if_worksheet.cpp in Sources */,
				672A54292946F4650042CFE6 /* consecutive_prime_sum.cpp in Sources */,
				672A541C293DF9480042CFE6 /* meet_in_the_middle.cpp in Sources */,
				67C533902925451700BBC792 /* projectp1.cpp in Sources */,
				672D730B28FF0DF700665BD7 /* bank.cpp in Sources */,
				6740A455291031AD00859BD2 /* chapter6labp1.cpp in Sources */,
				67B0F0F428BFC53B00A82684 /* circle_sphere.cpp in Sources */,
				67CDD98C28E288DC0095BEE5 /* data.cpp in Sources */,
				67863FC429240DBE00981F5B /* chapter7labp1.cpp in Sources */,
				67B0F0F128B1ED5200A82684 /* hello.cpp in Sources */,
				672A541E293E63E50042CFE6 /* lab.cpp in Sources */,
				67B0F0EF28B0DA0600A82684 /* chapter1_programming_assignment.cpp in Sources */,
				6740A457291031BA00859BD2 /* chapter6labp2.cpp in Sources */,
				672A5420293E6A650042CFE6 /* linked_list_lab.cpp in Sources */,
				67B0F0F628BFC6BF00A82684 /* remove_comma.cpp in Sources */,
				670BE59228D38CE0007DDCB6 /* letter_grade.cpp in Sources */,
				67CDD98728E211560095BEE5 /* temp.cpp in Sources */,
				672A54272945B8FA0042CFE6 /* prime_sum_numbers.cpp in Sources */,
				67CDD98A28E216840095BEE5 /* harry.cpp in Sources */,
				672D730D28FF11FC00665BD7 /* digits.cpp in Sources */,
				672A54252945B7E20042CFE6 /* project_euler_test.cpp in Sources */,
			);
			runOnlyForDeploymentPostprocessing = 0;
		};
/* End PBXSourcesBuildPhase section */

/* Begin XCBuildConfiguration section */
		67B0F0E728B0D93A00A82684 /* Debug */ = {
			isa = XCBuildConfiguration;
			buildSettings = {
				ALWAYS_SEARCH_USER_PATHS = NO;
				CLANG_ANALYZER_NONNULL = YES;
				CLANG_ANALYZER_NUMBER_OBJECT_CONVERSION = YES_AGGRESSIVE;
				CLANG_CXX_LANGUAGE_STANDARD = "gnu++17";
				CLANG_ENABLE_MODULES = YES;
				CLANG_ENABLE_OBJC_ARC = YES;
				CLANG_ENABLE_OBJC_WEAK = YES;
				CLANG_WARN_BLOCK_CAPTURE_AUTORELEASING = YES;
				CLANG_WARN_BOOL_CONVERSION = YES;
				CLANG_WARN_COMMA = YES;
				CLANG_WARN_CONSTANT_CONVERSION = YES;
				CLANG_WARN_DEPRECATED_OBJC_IMPLEMENTATIONS = YES;
				CLANG_WARN_DIRECT_OBJC_ISA_USAGE = YES_ERROR;
				CLANG_WARN_DOCUMENTATION_COMMENTS = YES;
				CLANG_WARN_EMPTY_BODY = YES;
				CLANG_WARN_ENUM_CONVERSION = YES;
				CLANG_WARN_INFINITE_RECURSION = YES;
				CLANG_WARN_INT_CONVERSION = YES;
				CLANG_WARN_NON_LITERAL_NULL_CONVERSION = YES;
				CLANG_WARN_OBJC_IMPLICIT_RETAIN_SELF = YES;
				CLANG_WARN_OBJC_LITERAL_CONVERSION = YES;
				CLANG_WARN_OBJC_ROOT_CLASS = YES_ERROR;
				CLANG_WARN_QUOTED_INCLUDE_IN_FRAMEWORK_HEADER = YES;
				CLANG_WARN_RANGE_LOOP_ANALYSIS = YES;
				CLANG_WARN_STRICT_PROTOTYPES = YES;
				CLANG_WARN_SUSPICIOUS_MOVE = YES;
				CLANG_WARN_UNGUARDED_AVAILABILITY = YES_AGGRESSIVE;
				CLANG_WARN_UNREACHABLE_CODE = YES;
				CLANG_WARN__DUPLICATE_METHOD_MATCH = YES;
				COPY_PHASE_STRIP = NO;
				DEBUG_INFORMATION_FORMAT = dwarf;
				ENABLE_STRICT_OBJC_MSGSEND = YES;
				ENABLE_TESTABILITY = YES;
				GCC_C_LANGUAGE_STANDARD = gnu11;
				GCC_DYNAMIC_NO_PIC = NO;
				GCC_NO_COMMON_BLOCKS = YES;
				GCC_OPTIMIZATION_LEVEL = 0;
				GCC_PREPROCESSOR_DEFINITIONS = (
					"DEBUG=1",
					"$(inherited)",
				);
				GCC_WARN_64_TO_32_BIT_CONVERSION = YES;
				GCC_WARN_ABOUT_RETURN_TYPE = YES_ERROR;
				GCC_WARN_UNDECLARED_SELECTOR = YES;
				GCC_WARN_UNINITIALIZED_AUTOS = YES_AGGRESSIVE;
				GCC_WARN_UNUSED_FUNCTION = YES;
				GCC_WARN_UNUSED_VARIABLE = YES;
				MACOSX_DEPLOYMENT_TARGET = 12.3;
				MTL_ENABLE_DEBUG_INFO = INCLUDE_SOURCE;
				MTL_FAST_MATH = YES;
				ONLY_ACTIVE_ARCH = YES;
				SDKROOT = macosx;
			};
			name = Debug;
		};
		67B0F0E828B0D93A00A82684 /* Release */ = {
			isa = XCBuildConfiguration;
			buildSettings = {
				ALWAYS_SEARCH_USER_PATHS = NO;
				CLANG_ANALYZER_NONNULL = YES;
				CLANG_ANALYZER_NUMBER_OBJECT_CONVERSION = YES_AGGRESSIVE;
				CLANG_CXX_LANGUAGE_STANDARD = "gnu++17";
				CLANG_ENABLE_MODULES = YES;
				CLANG_ENABLE_OBJC_ARC = YES;
				CLANG_ENABLE_OBJC_WEAK = YES;
				CLANG_WARN_BLOCK_CAPTURE_AUTORELEASING = YES;
				CLANG_WARN_BOOL_CONVERSION = YES;
				CLANG_WARN_COMMA = YES;
				CLANG_WARN_CONSTANT_CONVERSION = YES;
				CLANG_WARN_DEPRECATED_OBJC_IMPLEMENTATIONS = YES;
				CLANG_WARN_DIRECT_OBJC_ISA_USAGE = YES_ERROR;
				CLANG_WARN_DOCUMENTATION_COMMENTS = YES;
				CLANG_WARN_EMPTY_BODY = YES;
				CLANG_WARN_ENUM_CONVERSION = YES;
				CLANG_WARN_INFINITE_RECURSION = YES;
				CLANG_WARN_INT_CONVERSION = YES;
				CLANG_WARN_NON_LITERAL_NULL_CONVERSION = YES;
				CLANG_WARN_OBJC_IMPLICIT_RETAIN_SELF = YES;
				CLANG_WARN_OBJC_LITERAL_CONVERSION = YES;
				CLANG_WARN_OBJC_ROOT_CLASS = YES_ERROR;
				CLANG_WARN_QUOTED_INCLUDE_IN_FRAMEWORK_HEADER = YES;
				CLANG_WARN_RANGE_LOOP_ANALYSIS = YES;
				CLANG_WARN_STRICT_PROTOTYPES = YES;
				CLANG_WARN_SUSPICIOUS_MOVE = YES;
				CLANG_WARN_UNGUARDED_AVAILABILITY = YES_AGGRESSIVE;
				CLANG_WARN_UNREACHABLE_CODE = YES;
				CLANG_WARN__DUPLICATE_METHOD_MATCH = YES;
				COPY_PHASE_STRIP = NO;
				DEBUG_INFORMATION_FORMAT = "dwarf-with-dsym";
				ENABLE_NS_ASSERTIONS = NO;
				ENABLE_STRICT_OBJC_MSGSEND = YES;
				GCC_C_LANGUAGE_STANDARD = gnu11;
				GCC_NO_COMMON_BLOCKS = YES;
				GCC_WARN_64_TO_32_BIT_CONVERSION = YES;
				GCC_WARN_ABOUT_RETURN_TYPE = YES_ERROR;
				GCC_WARN_UNDECLARED_SELECTOR = YES;
				GCC_WARN_UNINITIALIZED_AUTOS = YES_AGGRESSIVE;
				GCC_WARN_UNUSED_FUNCTION = YES;
				GCC_WARN_UNUSED_VARIABLE = YES;
				MACOSX_DEPLOYMENT_TARGET = 12.3;
				MTL_ENABLE_DEBUG_INFO = NO;
				MTL_FAST_MATH = YES;
				SDKROOT = macosx;
			};
			name = Release;
		};
		67B0F0EA28B0D93A00A82684 /* Debug */ = {
			isa = XCBuildConfiguration;
			buildSettings = {
				CODE_SIGN_STYLE = Automatic;
				DEVELOPMENT_TEAM = T7F6QPM8Z4;
				ENABLE_HARDENED_RUNTIME = YES;
				PRODUCT_NAME = "$(TARGET_NAME)";
			};
			name = Debug;
		};
		67B0F0EB28B0D93A00A82684 /* Release */ = {
			isa = XCBuildConfiguration;
			buildSettings = {
				CODE_SIGN_STYLE = Automatic;
				DEVELOPMENT_TEAM = T7F6QPM8Z4;
				ENABLE_HARDENED_RUNTIME = YES;
				PRODUCT_NAME = "$(TARGET_NAME)";
			};
			name = Release;
		};
/* End XCBuildConfiguration section */

/* Begin XCConfigurationList section */
		67B0F0DD28B0D93A00A82684 /* Build configuration list for PBXProject "Intro_to_CPP" */ = {
			isa = XCConfigurationList;
			buildConfigurations = (
				67B0F0E728B0D93A00A82684 /* Debug */,
				67B0F0E828B0D93A00A82684 /* Release */,
			);
			defaultConfigurationIsVisible = 0;
			defaultConfigurationName = Release;
		};
		67B0F0E928B0D93A00A82684 /* Build configuration list for PBXNativeTarget "Intro_to_CPP" */ = {
			isa = XCConfigurationList;
			buildConfigurations = (
				67B0F0EA28B0D93A00A82684 /* Debug */,
				67B0F0EB28B0D93A00A82684 /* Release */,
			);
			defaultConfigurationIsVisible = 0;
			defaultConfigurationName = Release;
		};
/* End XCConfigurationList section */
	};
	rootObject = 67B0F0DA28B0D93A00A82684 /* Project object */;
}
